// !$*UTF8*$!
{
	archiveVersion = 1;
	classes = {
	};
	objectVersion = 56;
	objects = {

/* Begin PBXBuildFile section */
		A32113A12A6BA68500EF6AB6 /* CoreLocationUI.framework in Frameworks */ = {isa = PBXBuildFile; fileRef = A32113A02A6BA68500EF6AB6 /* CoreLocationUI.framework */; };
		A32113A32A6BA68F00EF6AB6 /* CoreLocation.framework in Frameworks */ = {isa = PBXBuildFile; fileRef = A32113A22A6BA68F00EF6AB6 /* CoreLocation.framework */; };
		A32113A52A6C32B100EF6AB6 /* UIViewController+Extension.swift in Sources */ = {isa = PBXBuildFile; fileRef = A32113A42A6C32B100EF6AB6 /* UIViewController+Extension.swift */; };
		A3F607A52A6A33E80007A2E6 /* AppDelegate.swift in Sources */ = {isa = PBXBuildFile; fileRef = A3F607A42A6A33E80007A2E6 /* AppDelegate.swift */; };
		A3F607A72A6A33E80007A2E6 /* SceneDelegate.swift in Sources */ = {isa = PBXBuildFile; fileRef = A3F607A62A6A33E80007A2E6 /* SceneDelegate.swift */; };
		A3F607AE2A6A33E90007A2E6 /* Assets.xcassets in Resources */ = {isa = PBXBuildFile; fileRef = A3F607AD2A6A33E90007A2E6 /* Assets.xcassets */; };
		A3F607B12A6A33E90007A2E6 /* LaunchScreen.storyboard in Resources */ = {isa = PBXBuildFile; fileRef = A3F607AF2A6A33E90007A2E6 /* LaunchScreen.storyboard */; };
		A3F607BC2A6A33E90007A2E6 /* WeatherAppTests.swift in Sources */ = {isa = PBXBuildFile; fileRef = A3F607BB2A6A33E90007A2E6 /* WeatherAppTests.swift */; };
		A3F607C62A6A33E90007A2E6 /* WeatherAppUITests.swift in Sources */ = {isa = PBXBuildFile; fileRef = A3F607C52A6A33E90007A2E6 /* WeatherAppUITests.swift */; };
		A3F607C82A6A33E90007A2E6 /* WeatherAppUITestsLaunchTests.swift in Sources */ = {isa = PBXBuildFile; fileRef = A3F607C72A6A33E90007A2E6 /* WeatherAppUITestsLaunchTests.swift */; };
		A3F607D62A6A351A0007A2E6 /* WeatherService in Frameworks */ = {isa = PBXBuildFile; productRef = A3F607D52A6A351A0007A2E6 /* WeatherService */; };
		A3F607DF2A6A3A290007A2E6 /* WeatherDetailController.swift in Sources */ = {isa = PBXBuildFile; fileRef = A3F607DD2A6A3A290007A2E6 /* WeatherDetailController.swift */; };
		A3F607E02A6A3A290007A2E6 /* WeatherDetailController.xib in Resources */ = {isa = PBXBuildFile; fileRef = A3F607DE2A6A3A290007A2E6 /* WeatherDetailController.xib */; };
		A3F607E72A6AF2BC0007A2E6 /* SearchViewController.swift in Sources */ = {isa = PBXBuildFile; fileRef = A3F607E52A6AF2BC0007A2E6 /* SearchViewController.swift */; };
		A3F607E82A6AF2BC0007A2E6 /* SearchViewController.xib in Resources */ = {isa = PBXBuildFile; fileRef = A3F607E62A6AF2BC0007A2E6 /* SearchViewController.xib */; };
		A3F607EB2A6AFCFA0007A2E6 /* Utilities.swift in Sources */ = {isa = PBXBuildFile; fileRef = A3F607EA2A6AFCFA0007A2E6 /* Utilities.swift */; };
/* End PBXBuildFile section */

/* Begin PBXContainerItemProxy section */
		A3F607B82A6A33E90007A2E6 /* PBXContainerItemProxy */ = {
			isa = PBXContainerItemProxy;
			containerPortal = A3F607992A6A33E80007A2E6 /* Project object */;
			proxyType = 1;
			remoteGlobalIDString = A3F607A02A6A33E80007A2E6;
			remoteInfo = WeatherApp;
		};
		A3F607C22A6A33E90007A2E6 /* PBXContainerItemProxy */ = {
			isa = PBXContainerItemProxy;
			containerPortal = A3F607992A6A33E80007A2E6 /* Project object */;
			proxyType = 1;
			remoteGlobalIDString = A3F607A02A6A33E80007A2E6;
			remoteInfo = WeatherApp;
		};
/* End PBXContainerItemProxy section */

/* Begin PBXFileReference section */
		A32113A02A6BA68500EF6AB6 /* CoreLocationUI.framework */ = {isa = PBXFileReference; lastKnownFileType = wrapper.framework; name = CoreLocationUI.framework; path = System/Library/Frameworks/CoreLocationUI.framework; sourceTree = SDKROOT; };
		A32113A22A6BA68F00EF6AB6 /* CoreLocation.framework */ = {isa = PBXFileReference; lastKnownFileType = wrapper.framework; name = CoreLocation.framework; path = System/Library/Frameworks/CoreLocation.framework; sourceTree = SDKROOT; };
		A32113A42A6C32B100EF6AB6 /* UIViewController+Extension.swift */ = {isa = PBXFileReference; lastKnownFileType = sourcecode.swift; name = "UIViewController+Extension.swift"; path = "ViewControllers/UIViewController+Extension.swift"; sourceTree = "<group>"; };
		A3F607A12A6A33E80007A2E6 /* WeatherApp.app */ = {isa = PBXFileReference; explicitFileType = wrapper.application; includeInIndex = 0; path = WeatherApp.app; sourceTree = BUILT_PRODUCTS_DIR; };
		A3F607A42A6A33E80007A2E6 /* AppDelegate.swift */ = {isa = PBXFileReference; lastKnownFileType = sourcecode.swift; path = AppDelegate.swift; sourceTree = "<group>"; };
		A3F607A62A6A33E80007A2E6 /* SceneDelegate.swift */ = {isa = PBXFileReference; lastKnownFileType = sourcecode.swift; path = SceneDelegate.swift; sourceTree = "<group>"; };
		A3F607AD2A6A33E90007A2E6 /* Assets.xcassets */ = {isa = PBXFileReference; lastKnownFileType = folder.assetcatalog; path = Assets.xcassets; sourceTree = "<group>"; };
		A3F607B02A6A33E90007A2E6 /* Base */ = {isa = PBXFileReference; lastKnownFileType = file.storyboard; name = Base; path = Base.lproj/LaunchScreen.storyboard; sourceTree = "<group>"; };
		A3F607B22A6A33E90007A2E6 /* Info.plist */ = {isa = PBXFileReference; lastKnownFileType = text.plist.xml; path = Info.plist; sourceTree = "<group>"; };
		A3F607B72A6A33E90007A2E6 /* WeatherAppTests.xctest */ = {isa = PBXFileReference; explicitFileType = wrapper.cfbundle; includeInIndex = 0; path = WeatherAppTests.xctest; sourceTree = BUILT_PRODUCTS_DIR; };
		A3F607BB2A6A33E90007A2E6 /* WeatherAppTests.swift */ = {isa = PBXFileReference; lastKnownFileType = sourcecode.swift; path = WeatherAppTests.swift; sourceTree = "<group>"; };
		A3F607C12A6A33E90007A2E6 /* WeatherAppUITests.xctest */ = {isa = PBXFileReference; explicitFileType = wrapper.cfbundle; includeInIndex = 0; path = WeatherAppUITests.xctest; sourceTree = BUILT_PRODUCTS_DIR; };
		A3F607C52A6A33E90007A2E6 /* WeatherAppUITests.swift */ = {isa = PBXFileReference; lastKnownFileType = sourcecode.swift; path = WeatherAppUITests.swift; sourceTree = "<group>"; };
		A3F607C72A6A33E90007A2E6 /* WeatherAppUITestsLaunchTests.swift */ = {isa = PBXFileReference; lastKnownFileType = sourcecode.swift; path = WeatherAppUITestsLaunchTests.swift; sourceTree = "<group>"; };
		A3F607DD2A6A3A290007A2E6 /* WeatherDetailController.swift */ = {isa = PBXFileReference; lastKnownFileType = sourcecode.swift; path = WeatherDetailController.swift; sourceTree = "<group>"; };
		A3F607DE2A6A3A290007A2E6 /* WeatherDetailController.xib */ = {isa = PBXFileReference; lastKnownFileType = file.xib; path = WeatherDetailController.xib; sourceTree = "<group>"; };
		A3F607E52A6AF2BC0007A2E6 /* SearchViewController.swift */ = {isa = PBXFileReference; lastKnownFileType = sourcecode.swift; path = SearchViewController.swift; sourceTree = "<group>"; };
		A3F607E62A6AF2BC0007A2E6 /* SearchViewController.xib */ = {isa = PBXFileReference; lastKnownFileType = file.xib; path = SearchViewController.xib; sourceTree = "<group>"; };
		A3F607EA2A6AFCFA0007A2E6 /* Utilities.swift */ = {isa = PBXFileReference; lastKnownFileType = sourcecode.swift; name = Utilities.swift; path = ViewControllers/Utilities.swift; sourceTree = "<group>"; };
/* End PBXFileReference section */

/* Begin PBXFrameworksBuildPhase section */
		A3F6079E2A6A33E80007A2E6 /* Frameworks */ = {
			isa = PBXFrameworksBuildPhase;
			buildActionMask = 2147483647;
			files = (
				A32113A32A6BA68F00EF6AB6 /* CoreLocation.framework in Frameworks */,
				A32113A12A6BA68500EF6AB6 /* CoreLocationUI.framework in Frameworks */,
				A3F607D62A6A351A0007A2E6 /* WeatherService in Frameworks */,
			);
			runOnlyForDeploymentPostprocessing = 0;
		};
		A3F607B42A6A33E90007A2E6 /* Frameworks */ = {
			isa = PBXFrameworksBuildPhase;
			buildActionMask = 2147483647;
			files = (
			);
			runOnlyForDeploymentPostprocessing = 0;
		};
		A3F607BE2A6A33E90007A2E6 /* Frameworks */ = {
			isa = PBXFrameworksBuildPhase;
			buildActionMask = 2147483647;
			files = (
			);
			runOnlyForDeploymentPostprocessing = 0;
		};
/* End PBXFrameworksBuildPhase section */

/* Begin PBXGroup section */
		A3F607982A6A33E80007A2E6 = {
			isa = PBXGroup;
			children = (
				A3F607A32A6A33E80007A2E6 /* WeatherApp */,
				A3F607BA2A6A33E90007A2E6 /* WeatherAppTests */,
				A3F607C42A6A33E90007A2E6 /* WeatherAppUITests */,
				A3F607A22A6A33E80007A2E6 /* Products */,
				A3F607D42A6A351A0007A2E6 /* Frameworks */,
			);
			sourceTree = "<group>";
		};
		A3F607A22A6A33E80007A2E6 /* Products */ = {
			isa = PBXGroup;
			children = (
				A3F607A12A6A33E80007A2E6 /* WeatherApp.app */,
				A3F607B72A6A33E90007A2E6 /* WeatherAppTests.xctest */,
				A3F607C12A6A33E90007A2E6 /* WeatherAppUITests.xctest */,
			);
			name = Products;
			sourceTree = "<group>";
		};
		A3F607A32A6A33E80007A2E6 /* WeatherApp */ = {
			isa = PBXGroup;
			children = (
				A32113A42A6C32B100EF6AB6 /* UIViewController+Extension.swift */,
				A3F607EA2A6AFCFA0007A2E6 /* Utilities.swift */,
				A3F607E92A6AFBDA0007A2E6 /* ViewControllers */,
				A3F607A42A6A33E80007A2E6 /* AppDelegate.swift */,
				A3F607A62A6A33E80007A2E6 /* SceneDelegate.swift */,
				A3F607AD2A6A33E90007A2E6 /* Assets.xcassets */,
				A3F607AF2A6A33E90007A2E6 /* LaunchScreen.storyboard */,
				A3F607B22A6A33E90007A2E6 /* Info.plist */,
			);
			path = WeatherApp;
			sourceTree = "<group>";
		};
		A3F607BA2A6A33E90007A2E6 /* WeatherAppTests */ = {
			isa = PBXGroup;
			children = (
				A3F607BB2A6A33E90007A2E6 /* WeatherAppTests.swift */,
			);
			path = WeatherAppTests;
			sourceTree = "<group>";
		};
		A3F607C42A6A33E90007A2E6 /* WeatherAppUITests */ = {
			isa = PBXGroup;
			children = (
				A3F607C52A6A33E90007A2E6 /* WeatherAppUITests.swift */,
				A3F607C72A6A33E90007A2E6 /* WeatherAppUITestsLaunchTests.swift */,
			);
			path = WeatherAppUITests;
			sourceTree = "<group>";
		};
		A3F607D42A6A351A0007A2E6 /* Frameworks */ = {
			isa = PBXGroup;
			children = (
				A32113A22A6BA68F00EF6AB6 /* CoreLocation.framework */,
				A32113A02A6BA68500EF6AB6 /* CoreLocationUI.framework */,
			);
			name = Frameworks;
			sourceTree = "<group>";
		};
		A3F607E92A6AFBDA0007A2E6 /* ViewControllers */ = {
			isa = PBXGroup;
			children = (
				A3F607E52A6AF2BC0007A2E6 /* SearchViewController.swift */,
				A3F607E62A6AF2BC0007A2E6 /* SearchViewController.xib */,
				A3F607DE2A6A3A290007A2E6 /* WeatherDetailController.xib */,
				A3F607DD2A6A3A290007A2E6 /* WeatherDetailController.swift */,
			);
			path = ViewControllers;
			sourceTree = "<group>";
		};
/* End PBXGroup section */

/* Begin PBXNativeTarget section */
		A3F607A02A6A33E80007A2E6 /* WeatherApp */ = {
			isa = PBXNativeTarget;
			buildConfigurationList = A3F607CB2A6A33E90007A2E6 /* Build configuration list for PBXNativeTarget "WeatherApp" */;
			buildPhases = (
				A3F6079D2A6A33E80007A2E6 /* Sources */,
				A3F6079E2A6A33E80007A2E6 /* Frameworks */,
				A3F6079F2A6A33E80007A2E6 /* Resources */,
			);
			buildRules = (
			);
			dependencies = (
			);
			name = WeatherApp;
			packageProductDependencies = (
				A3F607D52A6A351A0007A2E6 /* WeatherService */,
			);
			productName = WeatherApp;
			productReference = A3F607A12A6A33E80007A2E6 /* WeatherApp.app */;
			productType = "com.apple.product-type.application";
		};
		A3F607B62A6A33E90007A2E6 /* WeatherAppTests */ = {
			isa = PBXNativeTarget;
			buildConfigurationList = A3F607CE2A6A33E90007A2E6 /* Build configuration list for PBXNativeTarget "WeatherAppTests" */;
			buildPhases = (
				A3F607B32A6A33E90007A2E6 /* Sources */,
				A3F607B42A6A33E90007A2E6 /* Frameworks */,
				A3F607B52A6A33E90007A2E6 /* Resources */,
			);
			buildRules = (
			);
			dependencies = (
				A3F607B92A6A33E90007A2E6 /* PBXTargetDependency */,
			);
			name = WeatherAppTests;
			productName = WeatherAppTests;
			productReference = A3F607B72A6A33E90007A2E6 /* WeatherAppTests.xctest */;
			productType = "com.apple.product-type.bundle.unit-test";
		};
		A3F607C02A6A33E90007A2E6 /* WeatherAppUITests */ = {
			isa = PBXNativeTarget;
			buildConfigurationList = A3F607D12A6A33E90007A2E6 /* Build configuration list for PBXNativeTarget "WeatherAppUITests" */;
			buildPhases = (
				A3F607BD2A6A33E90007A2E6 /* Sources */,
				A3F607BE2A6A33E90007A2E6 /* Frameworks */,
				A3F607BF2A6A33E90007A2E6 /* Resources */,
			);
			buildRules = (
			);
			dependencies = (
				A3F607C32A6A33E90007A2E6 /* PBXTargetDependency */,
			);
			name = WeatherAppUITests;
			productName = WeatherAppUITests;
			productReference = A3F607C12A6A33E90007A2E6 /* WeatherAppUITests.xctest */;
			productType = "com.apple.product-type.bundle.ui-testing";
		};
/* End PBXNativeTarget section */

/* Begin PBXProject section */
		A3F607992A6A33E80007A2E6 /* Project object */ = {
			isa = PBXProject;
			attributes = {
				BuildIndependentTargetsInParallel = 1;
				LastSwiftUpdateCheck = 1430;
				LastUpgradeCheck = 1430;
				TargetAttributes = {
					A3F607A02A6A33E80007A2E6 = {
						CreatedOnToolsVersion = 14.3.1;
					};
					A3F607B62A6A33E90007A2E6 = {
						CreatedOnToolsVersion = 14.3.1;
						TestTargetID = A3F607A02A6A33E80007A2E6;
					};
					A3F607C02A6A33E90007A2E6 = {
						CreatedOnToolsVersion = 14.3.1;
						TestTargetID = A3F607A02A6A33E80007A2E6;
					};
				};
			};
			buildConfigurationList = A3F6079C2A6A33E80007A2E6 /* Build configuration list for PBXProject "WeatherApp" */;
			compatibilityVersion = "Xcode 14.0";
			developmentRegion = en;
			hasScannedForEncodings = 0;
			knownRegions = (
				en,
				Base,
			);
			mainGroup = A3F607982A6A33E80007A2E6;
			productRefGroup = A3F607A22A6A33E80007A2E6 /* Products */;
			projectDirPath = "";
			projectRoot = "";
			targets = (
				A3F607A02A6A33E80007A2E6 /* WeatherApp */,
				A3F607B62A6A33E90007A2E6 /* WeatherAppTests */,
				A3F607C02A6A33E90007A2E6 /* WeatherAppUITests */,
			);
		};
/* End PBXProject section */

/* Begin PBXResourcesBuildPhase section */
		A3F6079F2A6A33E80007A2E6 /* Resources */ = {
			isa = PBXResourcesBuildPhase;
			buildActionMask = 2147483647;
			files = (
				A3F607B12A6A33E90007A2E6 /* LaunchScreen.storyboard in Resources */,
				A3F607AE2A6A33E90007A2E6 /* Assets.xcassets in Resources */,
				A3F607E82A6AF2BC0007A2E6 /* SearchViewController.xib in Resources */,
				A3F607E02A6A3A290007A2E6 /* WeatherDetailController.xib in Resources */,
			);
			runOnlyForDeploymentPostprocessing = 0;
		};
		A3F607B52A6A33E90007A2E6 /* Resources */ = {
			isa = PBXResourcesBuildPhase;
			buildActionMask = 2147483647;
			files = (
			);
			runOnlyForDeploymentPostprocessing = 0;
		};
		A3F607BF2A6A33E90007A2E6 /* Resources */ = {
			isa = PBXResourcesBuildPhase;
			buildActionMask = 2147483647;
			files = (
			);
			runOnlyForDeploymentPostprocessing = 0;
		};
/* End PBXResourcesBuildPhase section */

/* Begin PBXSourcesBuildPhase section */
		A3F6079D2A6A33E80007A2E6 /* Sources */ = {
			isa = PBXSourcesBuildPhase;
			buildActionMask = 2147483647;
			files = (
				A32113A52A6C32B100EF6AB6 /* UIViewController+Extension.swift in Sources */,
				A3F607A52A6A33E80007A2E6 /* AppDelegate.swift in Sources */,
				A3F607A72A6A33E80007A2E6 /* SceneDelegate.swift in Sources */,
				A3F607E72A6AF2BC0007A2E6 /* SearchViewController.swift in Sources */,
				A3F607EB2A6AFCFA0007A2E6 /* Utilities.swift in Sources */,
				A3F607DF2A6A3A290007A2E6 /* WeatherDetailController.swift in Sources */,
			);
			runOnlyForDeploymentPostprocessing = 0;
		};
		A3F607B32A6A33E90007A2E6 /* Sources */ = {
			isa = PBXSourcesBuildPhase;
			buildActionMask = 2147483647;
			files = (
				A3F607BC2A6A33E90007A2E6 /* WeatherAppTests.swift in Sources */,
			);
			runOnlyForDeploymentPostprocessing = 0;
		};
		A3F607BD2A6A33E90007A2E6 /* Sources */ = {
			isa = PBXSourcesBuildPhase;
			buildActionMask = 2147483647;
			files = (
				A3F607C62A6A33E90007A2E6 /* WeatherAppUITests.swift in Sources */,
				A3F607C82A6A33E90007A2E6 /* WeatherAppUITestsLaunchTests.swift in Sources */,
			);
			runOnlyForDeploymentPostprocessing = 0;
		};
/* End PBXSourcesBuildPhase section */

/* Begin PBXTargetDependency section */
		A3F607B92A6A33E90007A2E6 /* PBXTargetDependency */ = {
			isa = PBXTargetDependency;
			target = A3F607A02A6A33E80007A2E6 /* WeatherApp */;
			targetProxy = A3F607B82A6A33E90007A2E6 /* PBXContainerItemProxy */;
		};
		A3F607C32A6A33E90007A2E6 /* PBXTargetDependency */ = {
			isa = PBXTargetDependency;
			target = A3F607A02A6A33E80007A2E6 /* WeatherApp */;
			targetProxy = A3F607C22A6A33E90007A2E6 /* PBXContainerItemProxy */;
		};
/* End PBXTargetDependency section */

/* Begin PBXVariantGroup section */
		A3F607AF2A6A33E90007A2E6 /* LaunchScreen.storyboard */ = {
			isa = PBXVariantGroup;
			children = (
				A3F607B02A6A33E90007A2E6 /* Base */,
			);
			name = LaunchScreen.storyboard;
			sourceTree = "<group>";
		};
/* End PBXVariantGroup section */

/* Begin XCBuildConfiguration section */
		A3F607C92A6A33E90007A2E6 /* Debug */ = {
			isa = XCBuildConfiguration;
			buildSettings = {
				ALWAYS_SEARCH_USER_PATHS = NO;
				CLANG_ANALYZER_NONNULL = YES;
				CLANG_ANALYZER_NUMBER_OBJECT_CONVERSION = YES_AGGRESSIVE;
				CLANG_CXX_LANGUAGE_STANDARD = "gnu++20";
				CLANG_ENABLE_MODULES = YES;
				CLANG_ENABLE_OBJC_ARC = YES;
				CLANG_ENABLE_OBJC_WEAK = YES;
				CLANG_WARN_BLOCK_CAPTURE_AUTORELEASING = YES;
				CLANG_WARN_BOOL_CONVERSION = YES;
				CLANG_WARN_COMMA = YES;
				CLANG_WARN_CONSTANT_CONVERSION = YES;
				CLANG_WARN_DEPRECATED_OBJC_IMPLEMENTATIONS = YES;
				CLANG_WARN_DIRECT_OBJC_ISA_USAGE = YES_ERROR;
				CLANG_WARN_DOCUMENTATION_COMMENTS = YES;
				CLANG_WARN_EMPTY_BODY = YES;
				CLANG_WARN_ENUM_CONVERSION = YES;
				CLANG_WARN_INFINITE_RECURSION = YES;
				CLANG_WARN_INT_CONVERSION = YES;
				CLANG_WARN_NON_LITERAL_NULL_CONVERSION = YES;
				CLANG_WARN_OBJC_IMPLICIT_RETAIN_SELF = YES;
				CLANG_WARN_OBJC_LITERAL_CONVERSION = YES;
				CLANG_WARN_OBJC_ROOT_CLASS = YES_ERROR;
				CLANG_WARN_QUOTED_INCLUDE_IN_FRAMEWORK_HEADER = YES;
				CLANG_WARN_RANGE_LOOP_ANALYSIS = YES;
				CLANG_WARN_STRICT_PROTOTYPES = YES;
				CLANG_WARN_SUSPICIOUS_MOVE = YES;
				CLANG_WARN_UNGUARDED_AVAILABILITY = YES_AGGRESSIVE;
				CLANG_WARN_UNREACHABLE_CODE = YES;
				CLANG_WARN__DUPLICATE_METHOD_MATCH = YES;
				COPY_PHASE_STRIP = NO;
				DEBUG_INFORMATION_FORMAT = dwarf;
				ENABLE_STRICT_OBJC_MSGSEND = YES;
				ENABLE_TESTABILITY = YES;
				GCC_C_LANGUAGE_STANDARD = gnu11;
				GCC_DYNAMIC_NO_PIC = NO;
				GCC_NO_COMMON_BLOCKS = YES;
				GCC_OPTIMIZATION_LEVEL = 0;
				GCC_PREPROCESSOR_DEFINITIONS = (
					"DEBUG=1",
					"$(inherited)",
				);
				GCC_WARN_64_TO_32_BIT_CONVERSION = YES;
				GCC_WARN_ABOUT_RETURN_TYPE = YES_ERROR;
				GCC_WARN_UNDECLARED_SELECTOR = YES;
				GCC_WARN_UNINITIALIZED_AUTOS = YES_AGGRESSIVE;
				GCC_WARN_UNUSED_FUNCTION = YES;
				GCC_WARN_UNUSED_VARIABLE = YES;
				IPHONEOS_DEPLOYMENT_TARGET = 16.4;
				MTL_ENABLE_DEBUG_INFO = INCLUDE_SOURCE;
				MTL_FAST_MATH = YES;
				ONLY_ACTIVE_ARCH = YES;
				SDKROOT = iphoneos;
				SWIFT_ACTIVE_COMPILATION_CONDITIONS = DEBUG;
				SWIFT_OPTIMIZATION_LEVEL = "-Onone";
			};
			name = Debug;
		};
		A3F607CA2A6A33E90007A2E6 /* Release */ = {
			isa = XCBuildConfiguration;
			buildSettings = {
				ALWAYS_SEARCH_USER_PATHS = NO;
				CLANG_ANALYZER_NONNULL = YES;
				CLANG_ANALYZER_NUMBER_OBJECT_CONVERSION = YES_AGGRESSIVE;
				CLANG_CXX_LANGUAGE_STANDARD = "gnu++20";
				CLANG_ENABLE_MODULES = YES;
				CLANG_ENABLE_OBJC_ARC = YES;
				CLANG_ENABLE_OBJC_WEAK = YES;
				CLANG_WARN_BLOCK_CAPTURE_AUTORELEASING = YES;
				CLANG_WARN_BOOL_CONVERSION = YES;
				CLANG_WARN_COMMA = YES;
				CLANG_WARN_CONSTANT_CONVERSION = YES;
				CLANG_WARN_DEPRECATED_OBJC_IMPLEMENTATIONS = YES;
				CLANG_WARN_DIRECT_OBJC_ISA_USAGE = YES_ERROR;
				CLANG_WARN_DOCUMENTATION_COMMENTS = YES;
				CLANG_WARN_EMPTY_BODY = YES;
				CLANG_WARN_ENUM_CONVERSION = YES;
				CLANG_WARN_INFINITE_RECURSION = YES;
				CLANG_WARN_INT_CONVERSION = YES;
				CLANG_WARN_NON_LITERAL_NULL_CONVERSION = YES;
				CLANG_WARN_OBJC_IMPLICIT_RETAIN_SELF = YES;
				CLANG_WARN_OBJC_LITERAL_CONVERSION = YES;
				CLANG_WARN_OBJC_ROOT_CLASS = YES_ERROR;
				CLANG_WARN_QUOTED_INCLUDE_IN_FRAMEWORK_HEADER = YES;
				CLANG_WARN_RANGE_LOOP_ANALYSIS = YES;
				CLANG_WARN_STRICT_PROTOTYPES = YES;
				CLANG_WARN_SUSPICIOUS_MOVE = YES;
				CLANG_WARN_UNGUARDED_AVAILABILITY = YES_AGGRESSIVE;
				CLANG_WARN_UNREACHABLE_CODE = YES;
				CLANG_WARN__DUPLICATE_METHOD_MATCH = YES;
				COPY_PHASE_STRIP = NO;
				DEBUG_INFORMATION_FORMAT = "dwarf-with-dsym";
				ENABLE_NS_ASSERTIONS = NO;
				ENABLE_STRICT_OBJC_MSGSEND = YES;
				GCC_C_LANGUAGE_STANDARD = gnu11;
				GCC_NO_COMMON_BLOCKS = YES;
				GCC_WARN_64_TO_32_BIT_CONVERSION = YES;
				GCC_WARN_ABOUT_RETURN_TYPE = YES_ERROR;
				GCC_WARN_UNDECLARED_SELECTOR = YES;
				GCC_WARN_UNINITIALIZED_AUTOS = YES_AGGRESSIVE;
				GCC_WARN_UNUSED_FUNCTION = YES;
				GCC_WARN_UNUSED_VARIABLE = YES;
				IPHONEOS_DEPLOYMENT_TARGET = 16.4;
				MTL_ENABLE_DEBUG_INFO = NO;
				MTL_FAST_MATH = YES;
				SDKROOT = iphoneos;
				SWIFT_COMPILATION_MODE = wholemodule;
				SWIFT_OPTIMIZATION_LEVEL = "-O";
				VALIDATE_PRODUCT = YES;
			};
			name = Release;
		};
		A3F607CC2A6A33E90007A2E6 /* Debug */ = {
			isa = XCBuildConfiguration;
			buildSettings = {
				ASSETCATALOG_COMPILER_APPICON_NAME = AppIcon;
				ASSETCATALOG_COMPILER_GLOBAL_ACCENT_COLOR_NAME = AccentColor;
				CODE_SIGN_STYLE = Automatic;
				CURRENT_PROJECT_VERSION = 1;
				DEVELOPMENT_TEAM = 96M2QW3UMD;
				GENERATE_INFOPLIST_FILE = YES;
				INFOPLIST_FILE = WeatherApp/Info.plist;
				INFOPLIST_KEY_UIApplicationSupportsIndirectInputEvents = YES;
				INFOPLIST_KEY_UILaunchStoryboardName = LaunchScreen;
				INFOPLIST_KEY_UISupportedInterfaceOrientations_iPad = "UIInterfaceOrientationPortrait UIInterfaceOrientationPortraitUpsideDown UIInterfaceOrientationLandscapeLeft UIInterfaceOrientationLandscapeRight";
				INFOPLIST_KEY_UISupportedInterfaceOrientations_iPhone = "UIInterfaceOrientationPortrait UIInterfaceOrientationLandscapeLeft UIInterfaceOrientationLandscapeRight";
				IPHONEOS_DEPLOYMENT_TARGET = 15.0;
				LD_RUNPATH_SEARCH_PATHS = (
					"$(inherited)",
					"@executable_path/Frameworks",
				);
				MARKETING_VERSION = 1.0;
				PRODUCT_BUNDLE_IDENTIFIER = code.tim.maher.WeatherApp;
				PRODUCT_NAME = "$(TARGET_NAME)";
				SWIFT_EMIT_LOC_STRINGS = YES;
				SWIFT_VERSION = 5.0;
				TARGETED_DEVICE_FAMILY = "1,2";
			};
			name = Debug;
		};
		A3F607CD2A6A33E90007A2E6 /* Release */ = {
			isa = XCBuildConfiguration;
			buildSettings = {
				ASSETCATALOG_COMPILER_APPICON_NAME = AppIcon;
				ASSETCATALOG_COMPILER_GLOBAL_ACCENT_COLOR_NAME = AccentColor;
				CODE_SIGN_STYLE = Automatic;
				CURRENT_PROJECT_VERSION = 1;
				DEVELOPMENT_TEAM = 96M2QW3UMD;
				GENERATE_INFOPLIST_FILE = YES;
				INFOPLIST_FILE = WeatherApp/Info.plist;
				INFOPLIST_KEY_UIApplicationSupportsIndirectInputEvents = YES;
				INFOPLIST_KEY_UILaunchStoryboardName = LaunchScreen;
				INFOPLIST_KEY_UISupportedInterfaceOrientations_iPad = "UIInterfaceOrientationPortrait UIInterfaceOrientationPortraitUpsideDown UIInterfaceOrientationLandscapeLeft UIInterfaceOrientationLandscapeRight";
				INFOPLIST_KEY_UISupportedInterfaceOrientations_iPhone = "UIInterfaceOrientationPortrait UIInterfaceOrientationLandscapeLeft UIInterfaceOrientationLandscapeRight";
				IPHONEOS_DEPLOYMENT_TARGET = 15.0;
				LD_RUNPATH_SEARCH_PATHS = (
					"$(inherited)",
					"@executable_path/Frameworks",
				);
				MARKETING_VERSION = 1.0;
				PRODUCT_BUNDLE_IDENTIFIER = code.tim.maher.WeatherApp;
				PRODUCT_NAME = "$(TARGET_NAME)";
				SWIFT_EMIT_LOC_STRINGS = YES;
				SWIFT_VERSION = 5.0;
				TARGETED_DEVICE_FAMILY = "1,2";
			};
			name = Release;
		};
		A3F607CF2A6A33E90007A2E6 /* Debug */ = {
			isa = XCBuildConfiguration;
			buildSettings = {
				ALWAYS_EMBED_SWIFT_STANDARD_LIBRARIES = YES;
				BUNDLE_LOADER = "$(TEST_HOST)";
				CODE_SIGN_STYLE = Automatic;
				CURRENT_PROJECT_VERSION = 1;
				GENERATE_INFOPLIST_FILE = YES;
				IPHONEOS_DEPLOYMENT_TARGET = 16.4;
				MARKETING_VERSION = 1.0;
				PRODUCT_BUNDLE_IDENTIFIER = code.tim.maher.WeatherAppTests;
				PRODUCT_NAME = "$(TARGET_NAME)";
				SWIFT_EMIT_LOC_STRINGS = NO;
				SWIFT_VERSION = 5.0;
				TARGETED_DEVICE_FAMILY = "1,2";
				TEST_HOST = "$(BUILT_PRODUCTS_DIR)/WeatherApp.app/$(BUNDLE_EXECUTABLE_FOLDER_PATH)/WeatherApp";
			};
			name = Debug;
		};
		A3F607D02A6A33E90007A2E6 /* Release */ = {
			isa = XCBuildConfiguration;
			buildSettings = {
				ALWAYS_EMBED_SWIFT_STANDARD_LIBRARIES = YES;
				BUNDLE_LOADER = "$(TEST_HOST)";
				CODE_SIGN_STYLE = Automatic;
				CURRENT_PROJECT_VERSION = 1;
				GENERATE_INFOPLIST_FILE = YES;
				IPHONEOS_DEPLOYMENT_TARGET = 16.4;
				MARKETING_VERSION = 1.0;
				PRODUCT_BUNDLE_IDENTIFIER = code.tim.maher.WeatherAppTests;
				PRODUCT_NAME = "$(TARGET_NAME)";
				SWIFT_EMIT_LOC_STRINGS = NO;
				SWIFT_VERSION = 5.0;
				TARGETED_DEVICE_FAMILY = "1,2";
				TEST_HOST = "$(BUILT_PRODUCTS_DIR)/WeatherApp.app/$(BUNDLE_EXECUTABLE_FOLDER_PATH)/WeatherApp";
			};
			name = Release;
		};
		A3F607D22A6A33E90007A2E6 /* Debug */ = {
			isa = XCBuildConfiguration;
			buildSettings = {
				ALWAYS_EMBED_SWIFT_STANDARD_LIBRARIES = YES;
				CODE_SIGN_STYLE = Automatic;
				CURRENT_PROJECT_VERSION = 1;
				GENERATE_INFOPLIST_FILE = YES;
				MARKETING_VERSION = 1.0;
				PRODUCT_BUNDLE_IDENTIFIER = code.tim.maher.WeatherAppUITests;
				PRODUCT_NAME = "$(TARGET_NAME)";
				SWIFT_EMIT_LOC_STRINGS = NO;
				SWIFT_VERSION = 5.0;
				TARGETED_DEVICE_FAMILY = "1,2";
				TEST_TARGET_NAME = WeatherApp;
			};
			name = Debug;
		};
		A3F607D32A6A33E90007A2E6 /* Release */ = {
			isa = XCBuildConfiguration;
			buildSettings = {
				ALWAYS_EMBED_SWIFT_STANDARD_LIBRARIES = YES;
				CODE_SIGN_STYLE = Automatic;
				CURRENT_PROJECT_VERSION = 1;
				GENERATE_INFOPLIST_FILE = YES;
				MARKETING_VERSION = 1.0;
				PRODUCT_BUNDLE_IDENTIFIER = code.tim.maher.WeatherAppUITests;
				PRODUCT_NAME = "$(TARGET_NAME)";
				SWIFT_EMIT_LOC_STRINGS = NO;
				SWIFT_VERSION = 5.0;
				TARGETED_DEVICE_FAMILY = "1,2";
				TEST_TARGET_NAME = WeatherApp;
			};
			name = Release;
		};
/* End XCBuildConfiguration section */

/* Begin XCConfigurationList section */
		A3F6079C2A6A33E80007A2E6 /* Build configuration list for PBXProject "WeatherApp" */ = {
			isa = XCConfigurationList;
			buildConfigurations = (
				A3F607C92A6A33E90007A2E6 /* Debug */,
				A3F607CA2A6A33E90007A2E6 /* Release */,
			);
			defaultConfigurationIsVisible = 0;
			defaultConfigurationName = Release;
		};
		A3F607CB2A6A33E90007A2E6 /* Build configuration list for PBXNativeTarget "WeatherApp" */ = {
			isa = XCConfigurationList;
			buildConfigurations = (
				A3F607CC2A6A33E90007A2E6 /* Debug */,
				A3F607CD2A6A33E90007A2E6 /* Release */,
			);
			defaultConfigurationIsVisible = 0;
			defaultConfigurationName = Release;
		};
		A3F607CE2A6A33E90007A2E6 /* Build configuration list for PBXNativeTarget "WeatherAppTests" */ = {
			isa = XCConfigurationList;
			buildConfigurations = (
				A3F607CF2A6A33E90007A2E6 /* Debug */,
				A3F607D02A6A33E90007A2E6 /* Release */,
			);
			defaultConfigurationIsVisible = 0;
			defaultConfigurationName = Release;
		};
		A3F607D12A6A33E90007A2E6 /* Build configuration list for PBXNativeTarget "WeatherAppUITests" */ = {
			isa = XCConfigurationList;
			buildConfigurations = (
				A3F607D22A6A33E90007A2E6 /* Debug */,
				A3F607D32A6A33E90007A2E6 /* Release */,
			);
			defaultConfigurationIsVisible = 0;
			defaultConfigurationName = Release;
		};
/* End XCConfigurationList section */

/* Begin XCSwiftPackageProductDependency section */
		A3F607D52A6A351A0007A2E6 /* WeatherService */ = {
			isa = XCSwiftPackageProductDependency;
			productName = WeatherService;
		};
/* End XCSwiftPackageProductDependency section */
	};
	rootObject = A3F607992A6A33E80007A2E6 /* Project object */;
}
